
Microsoft Visual Studio Solution File, Format Version 12.00
# Visual Studio Version 16
VisualStudioVersion = 16.0.29709.97
MinimumVisualStudioVersion = 10.0.40219.1
Project("{FAE04EC0-301F-11D3-BF4B-00C04F79EFBC}") = "Demo_", "Demo_\Demo_.csproj", "{D74B5B75-FB57-48CF-95DC-0B70B742B743}"
EndProject
Global
	GlobalSection(SolutionConfigurationPlatforms) = preSolution
		Debug|Any CPU = Debug|Any CPU
		Release|Any CPU = Release|Any CPU
	EndGlobalSection
	GlobalSection(ProjectConfigurationPlatforms) = postSolution
		{D74B5B75-FB57-48CF-95DC-0B70B742B743}.Debug|Any CPU.ActiveCfg = Debug|Any CPU
		{D74B5B75-FB57-48CF-95DC-0B70B742B743}.Debug|Any CPU.Build.0 = Debug|Any CPU
		{D74B5B75-FB57-48CF-95DC-0B70B742B743}.Release|Any CPU.ActiveCfg = Release|Any CPU
		{D74B5B75-FB57-48CF-95DC-0B70B742B743}.Release|Any CPU.Build.0 = Release|Any CPU
	EndGlobalSection
	GlobalSection(SolutionProperties) = preSolution
		HideSolutionNode = FALSE
	EndGlobalSection
	GlobalSection(ExtensibilityGlobals) = postSolution
		SolutionGuid = {AA589118-94A5-4E4D-B0B9-87C8C81956B3}
	EndGlobalSection
EndGlobal
